
Microsoft Visual Studio Solution File, Format Version 12.00
# Visual Studio 15
Project("{FAE04EC0-301F-11D3-BF4B-00C04F79EFBC}") = "Assembly-CSharp", "Assembly-CSharp.csproj", "{62EAFDC3-0F9E-F4CB-A9DE-637255EE778E}"
EndProject
Project("{FAE04EC0-301F-11D3-BF4B-00C04F79EFBC}") = "Assembly-CSharp-Editor", "Assembly-CSharp-Editor.csproj", "{3396D9D7-CEA9-40CF-87BC-A2400FF5994F}"
EndProject
Global
	GlobalSection(SolutionConfigurationPlatforms) = preSolution
		Debug|Any CPU = Debug|Any CPU
		Release|Any CPU = Release|Any CPU
	EndGlobalSection
	GlobalSection(ProjectConfigurationPlatforms) = postSolution
		{62EAFDC3-0F9E-F4CB-A9DE-637255EE778E}.Debug|Any CPU.ActiveCfg = Debug|Any CPU
		{62EAFDC3-0F9E-F4CB-A9DE-637255EE778E}.Debug|Any CPU.Build.0 = Debug|Any CPU
		{62EAFDC3-0F9E-F4CB-A9DE-637255EE778E}.Release|Any CPU.ActiveCfg = Release|Any CPU
		{62EAFDC3-0F9E-F4CB-A9DE-637255EE778E}.Release|Any CPU.Build.0 = Release|Any CPU
		{3396D9D7-CEA9-40CF-87BC-A2400FF5994F}.Debug|Any CPU.ActiveCfg = Debug|Any CPU
		{3396D9D7-CEA9-40CF-87BC-A2400FF5994F}.Debug|Any CPU.Build.0 = Debug|Any CPU
		{3396D9D7-CEA9-40CF-87BC-A2400FF5994F}.Release|Any CPU.ActiveCfg = Release|Any CPU
		{3396D9D7-CEA9-40CF-87BC-A2400FF5994F}.Release|Any CPU.Build.0 = Release|Any CPU
	EndGlobalSection
	GlobalSection(SolutionProperties) = preSolution
		HideSolutionNode = FALSE
	EndGlobalSection
EndGlobal
